{
  "nodes": {
    "Anvil-Restoration": {
      "flake": false,
      "locked": {
        "narHash": "sha256-7hhjggaKF/xSN3+fuPj5xUlgGH6sgctOwCj8AetXIBM=",
        "type": "file",
        "url": "https://cdn.modrinth.com/data/bd8nwTGy/versions/xGzeyADa/anvilrestoration-1.21.11-2.5.jar"
      },
      "original": {
        "type": "file",
        "url": "https://cdn.modrinth.com/data/bd8nwTGy/versions/xGzeyADa/anvilrestoration-1.21.11-2.5.jar"
      }
    },
    "AppleSkin": {
      "flake": false,
      "locked": {
        "narHash": "sha256-1jGOhIi0vRbgm93Gp2dki008bautSv3AED3RlxVTJYs=",
        "type": "file",
        "url": "https://cdn.modrinth.com/data/EsAfCjCV/versions/59ti1rvg/appleskin-fabric-mc1.21.11-3.0.8.jar"
      },
      "original": {
        "type": "file",
        "url": "https://cdn.modrinth.com/data/EsAfCjCV/versions/59ti1rvg/appleskin-fabric-mc1.21.11-3.0.8.jar"
      }
    },
    "Armored-Elytra": {
      "flake": false,
      "locked": {
        "narHash": "sha256-ehV5DMLFCsjTW1i3SEM34fr4jxP5hzfvToGWFbva59Q=",
        "type": "file",
        "url": "https://cdn.modrinth.com/data/AuFCCYMx/versions/mKCSekSL/armored-elytra-1.12.0.jar"
      },
      "original": {
        "type": "file",
        "url": "https://cdn.modrinth.com/data/AuFCCYMx/versions/mKCSekSL/armored-elytra-1.12.0.jar"
      }
    },
    "Bigger-Sponge-Absorption-Radius": {
      "flake": false,
      "locked": {
        "narHash": "sha256-xGXPSqFZFDY5cHDf/28hyKjyIAlPUAzj2+P/vXmDXr8=",
        "type": "file",
        "url": "https://cdn.modrinth.com/data/3PLAyBxz/versions/KzkF169B/biggerspongeabsorptionradius-1.21.11-3.7.jar"
      },
      "original": {
        "type": "file",
        "url": "https://cdn.modrinth.com/data/3PLAyBxz/versions/KzkF169B/biggerspongeabsorptionradius-1.21.11-3.7.jar"
      }
    },
    "Bow-Infinity-Fix": {
      "flake": false,
      "locked": {
        "narHash": "sha256-C9JStoA3VXAdYCmwMPxEIaLrj5aOA+V9IKnxrUs7pAY=",
        "type": "file",
        "url": "https://cdn.modrinth.com/data/BFENfScW/versions/besCdt3U/BowInfinityFix-1.21.9-fabric-3.1.2.jar"
      },
      "original": {
        "type": "file",
        "url": "https://cdn.modrinth.com/data/BFENfScW/versions/besCdt3U/BowInfinityFix-1.21.9-fabric-3.1.2.jar"
      }
    },
    "Cardinal-Components-API": {
      "flake": false,
      "locked": {
        "narHash": "sha256-oUWC7QQ43LgK7qr/XjzCB2t0SYaj4Fg7iRckbdAFASE=",
        "type": "file",
        "url": "https://cdn.modrinth.com/data/K01OU20C/versions/tEsBSUgb/cardinal-components-api-7.3.0.jar"
      },
      "original": {
        "type": "file",
        "url": "https://cdn.modrinth.com/data/K01OU20C/versions/tEsBSUgb/cardinal-components-api-7.3.0.jar"
      }
    },
    "Cloth-Config-API": {
      "flake": false,
      "locked": {
        "narHash": "sha256-QPwACPGRG9AYA+ioH8igOM9SfoqZ+kzEUtpnqyml/wQ=",
        "type": "file",
        "url": "https://cdn.modrinth.com/data/9s6osm5g/versions/xuX40TN5/cloth-config-21.11.153-fabric.jar"
      },
      "original": {
        "type": "file",
        "url": "https://cdn.modrinth.com/data/9s6osm5g/versions/xuX40TN5/cloth-config-21.11.153-fabric.jar"
      }
    },
    "Clumps": {
      "flake": false,
      "locked": {
        "narHash": "sha256-C0VrWroCXz97/GHnCU6apzWL+tiVx8pHU0sqBqFHEqw=",
        "type": "file",
        "url": "https://cdn.modrinth.com/data/Wnxd13zP/versions/OgBE8Rz4/Clumps-fabric-1.21.11-29.0.0.1.jar"
      },
      "original": {
        "type": "file",
        "url": "https://cdn.modrinth.com/data/Wnxd13zP/versions/OgBE8Rz4/Clumps-fabric-1.21.11-29.0.0.1.jar"
      }
    },
    "Collective": {
      "flake": false,
      "locked": {
        "narHash": "sha256-HkaiLiHdvYikkC4rgUWmJ4ExkRalK9956296GH/qwUA=",
        "type": "file",
        "url": "https://cdn.modrinth.com/data/e0M1UDsY/versions/T8rv7kwo/collective-1.21.11-8.13.jar"
      },
      "original": {
        "type": "file",
        "url": "https://cdn.modrinth.com/data/e0M1UDsY/versions/T8rv7kwo/collective-1.21.11-8.13.jar"
      }
    },
    "Concurrent-Chunk-Management-Engine": {
      "flake": false,
      "locked": {
        "narHash": "sha256-JsExKgXAlIeILHLXuruqsbt4ewqU2zOweKJIXnbfEYw=",
        "type": "file",
        "url": "https://cdn.modrinth.com/data/VSNURh3q/versions/olrVZpJd/c2me-fabric-mc1.21.11-0.3.6.0.0.jar"
      },
      "original": {
        "type": "file",
        "url": "https://cdn.modrinth.com/data/VSNURh3q/versions/olrVZpJd/c2me-fabric-mc1.21.11-0.3.6.0.0.jar"
      }
    },
    "Distant-Horizons": {
      "flake": false,
      "locked": {
        "narHash": "sha256-uZWrx9Jsa8/gathzVpCZwhG/ySOF5sBP57wn7MdYx38=",
        "type": "file",
        "url": "https://cdn.modrinth.com/data/uCdwusMi/versions/GT3Bm3GN/DistantHorizons-2.4.5-b-1.21.11-fabric-neoforge.jar"
      },
      "original": {
        "type": "file",
        "url": "https://cdn.modrinth.com/data/uCdwusMi/versions/GT3Bm3GN/DistantHorizons-2.4.5-b-1.21.11-fabric-neoforge.jar"
      }
    },
    "Dragon-Drops-Elytra": {
      "flake": false,
      "locked": {
        "narHash": "sha256-pwpAKl6G9HljtafbjvQbuS9KFniqej0dXrpqSPeSbbo=",
        "type": "file",
        "url": "https://cdn.modrinth.com/data/DPkbo3dg/versions/NwRksTCY/dragondropselytra-1.21.11-3.5.jar"
      },
      "original": {
        "type": "file",
        "url": "https://cdn.modrinth.com/data/DPkbo3dg/versions/NwRksTCY/dragondropselytra-1.21.11-3.5.jar"
      }
    },
    "Elytra-Trims": {
      "flake": false,
      "locked": {
        "narHash": "sha256-L4xNmCOOlCLDUdOuO29GgL5zTwS5C+dwjInugP//t9s=",
        "type": "file",
        "url": "https://cdn.modrinth.com/data/XpzGz7KD/versions/Nzd1iQCn/elytratrims-fabric-4.6.2%2B1.21.11.jar"
      },
      "original": {
        "type": "file",
        "url": "https://cdn.modrinth.com/data/XpzGz7KD/versions/Nzd1iQCn/elytratrims-fabric-4.6.2%2B1.21.11.jar"
      }
    },
    "Essential-Commands": {
      "flake": false,
      "locked": {
        "narHash": "sha256-lwXbcCQ/1kxReS7vNMUIhinphbcQKoN4W20Po0glnqk=",
        "type": "file",
        "url": "https://cdn.modrinth.com/data/6VdDUivB/versions/3s9XXmZa/essential_commands-0.38.6-mc1.21.11.jar"
      },
      "original": {
        "type": "file",
        "url": "https://cdn.modrinth.com/data/6VdDUivB/versions/3s9XXmZa/essential_commands-0.38.6-mc1.21.11.jar"
      }
    },
    "Extended-Bone-Meal": {
      "flake": false,
      "locked": {
        "narHash": "sha256-6kCCdoP6AifKyqRy95bifaix3hDyjniDOYj2gfPRiCE=",
        "type": "file",
        "url": "https://cdn.modrinth.com/data/bHkCoxMs/versions/Z4hgjtLH/extendedbonemeal-1.21.11-3.6.jar"
      },
      "original": {
        "type": "file",
        "url": "https://cdn.modrinth.com/data/bHkCoxMs/versions/Z4hgjtLH/extendedbonemeal-1.21.11-3.6.jar"
      }
    },
    "Fabric-API": {
      "flake": false,
      "locked": {
        "narHash": "sha256-HosOeLNUcbaLe/WiZ/w+kYyw3IS/vzkqFsJL+uvENfs=",
        "type": "file",
        "url": "https://cdn.modrinth.com/data/P7dR8mSH/versions/i5tSkVBH/fabric-api-0.141.3%2B1.21.11.jar"
      },
      "original": {
        "type": "file",
        "url": "https://cdn.modrinth.com/data/P7dR8mSH/versions/i5tSkVBH/fabric-api-0.141.3%2B1.21.11.jar"
      }
    },
    "FerriteCore": {
      "flake": false,
      "locked": {
        "narHash": "sha256-PhcRMHiexROOH1KAzB7ezib3yHJ00xYrQG7oab+TJ14=",
        "type": "file",
        "url": "https://cdn.modrinth.com/data/uXXizFIs/versions/Ii0gP3D8/ferritecore-8.2.0-fabric.jar"
      },
      "original": {
        "type": "file",
        "url": "https://cdn.modrinth.com/data/uXXizFIs/versions/Ii0gP3D8/ferritecore-8.2.0-fabric.jar"
      }
    },
    "Fixed-Anvil-Repair-Cost": {
      "flake": false,
      "locked": {
        "narHash": "sha256-+XBfC1SwaBjR9OeufjreTeaLYTZUyitlVMWj//QvHE4=",
        "type": "file",
        "url": "https://cdn.modrinth.com/data/jmLyNFBG/versions/uCZEtWWi/fixedanvilrepaircost-1.21.11-3.5.jar"
      },
      "original": {
        "type": "file",
        "url": "https://cdn.modrinth.com/data/jmLyNFBG/versions/uCZEtWWi/fixedanvilrepaircost-1.21.11-3.5.jar"
      }
    },
    "Forge-Config-API-Port": {
      "flake": false,
      "locked": {
        "narHash": "sha256-fUaDDUYew3lehvIKxyIweYIpwfAH4z9Ri85zj5vqsRY=",
        "type": "file",
        "url": "https://cdn.modrinth.com/data/ohNO6lps/versions/uXrWPsCu/ForgeConfigAPIPort-v21.11.1-mc1.21.11-Fabric.jar"
      },
      "original": {
        "type": "file",
        "url": "https://cdn.modrinth.com/data/ohNO6lps/versions/uXrWPsCu/ForgeConfigAPIPort-v21.11.1-mc1.21.11-Fabric.jar"
      }
    },
    "Grind-Enchantments": {
      "flake": false,
      "locked": {
        "narHash": "sha256-DgE1wvUkAFBIZLK9w+2L5fOyJrPQdmkQCVTAdZ7uAKs=",
        "type": "file",
        "url": "https://cdn.modrinth.com/data/WC4UgDcZ/versions/XX0LqtxX/grind-enchantments-4.1.0%2B1.21.11-pre2.jar"
      },
      "original": {
        "type": "file",
        "url": "https://cdn.modrinth.com/data/WC4UgDcZ/versions/XX0LqtxX/grind-enchantments-4.1.0%2B1.21.11-pre2.jar"
      }
    },
    "Infinite-Trading": {
      "flake": false,
      "locked": {
        "narHash": "sha256-fFvzjyFMOTc7zoLmdkR7qTA1mHOx8gfQJ/ru90JtuVI=",
        "type": "file",
        "url": "https://cdn.modrinth.com/data/U3eoZT3o/versions/QmTnAQac/infinitetrading-1.21.11-4.6.jar"
      },
      "original": {
        "type": "file",
        "url": "https://cdn.modrinth.com/data/U3eoZT3o/versions/QmTnAQac/infinitetrading-1.21.11-4.6.jar"
      }
    },
    "Inventory-Sorting": {
      "flake": false,
      "locked": {
        "narHash": "sha256-2ysJdV11PYEESWfKSUDizOjcBeevs16bxSADCRRfpx4=",
        "type": "file",
        "url": "https://cdn.modrinth.com/data/5ibSyLAz/versions/Dq4h9aTH/inventorysorter-fabric-2.1.4%2Bmc1.21.11.jar"
      },
      "original": {
        "type": "file",
        "url": "https://cdn.modrinth.com/data/5ibSyLAz/versions/Dq4h9aTH/inventorysorter-fabric-2.1.4%2Bmc1.21.11.jar"
      }
    },
    "Inventory-Totem": {
      "flake": false,
      "locked": {
        "narHash": "sha256-OwOAGbtNXv/PYvXvGAwnJ7KfFhKYCDvwaJMGv36FmWQ=",
        "type": "file",
        "url": "https://cdn.modrinth.com/data/yQj7xqEM/versions/IzZmDI2F/inventorytotem-1.21.11-3.4.jar"
      },
      "original": {
        "type": "file",
        "url": "https://cdn.modrinth.com/data/yQj7xqEM/versions/IzZmDI2F/inventorytotem-1.21.11-3.4.jar"
      }
    },
    "JEI": {
      "flake": false,
      "locked": {
        "narHash": "sha256-4OGbQlVLMQR5rQRv/+AaGJ5D3K+wBzNXpxOi706QrKA=",
        "type": "file",
        "url": "https://cdn.modrinth.com/data/u6dRKJwZ/versions/N7YozqFm/jei-1.21.11-fabric-27.4.0.15.jar"
      },
      "original": {
        "type": "file",
        "url": "https://cdn.modrinth.com/data/u6dRKJwZ/versions/N7YozqFm/jei-1.21.11-fabric-27.4.0.15.jar"
      }
    },
    "Jade": {
      "flake": false,
      "locked": {
        "narHash": "sha256-Vj8ggWa2PODzS8jLjv0iwvpgsR7XPYaqOyFIO/oKrCg=",
        "type": "file",
        "url": "https://cdn.modrinth.com/data/nvQzSEkH/versions/HKUAgY3D/Jade-1.21.11-Fabric-21.1.1.jar"
      },
      "original": {
        "type": "file",
        "url": "https://cdn.modrinth.com/data/nvQzSEkH/versions/HKUAgY3D/Jade-1.21.11-Fabric-21.1.1.jar"
      }
    },
    "Just-Player-Heads": {
      "flake": false,
      "locked": {
        "narHash": "sha256-iOGDOsyGYJo5pEe4JjNk8oT0el4UIAW0KTCS0UzjBws=",
        "type": "file",
        "url": "https://cdn.modrinth.com/data/YdVBZMNR/versions/AlFsC8XK/justplayerheads-1.21.11-4.3.jar"
      },
      "original": {
        "type": "file",
        "url": "https://cdn.modrinth.com/data/YdVBZMNR/versions/AlFsC8XK/justplayerheads-1.21.11-4.3.jar"
      }
    },
    "Kotlin": {
      "flake": false,
      "locked": {
        "narHash": "sha256-GgEFU3X1EU1IGvYr2eY4YZlxU5AkDV8CSQQTrVb5FhU=",
        "type": "file",
        "url": "https://cdn.modrinth.com/data/Ha28R6CL/versions/N6D3uiZF/fabric-language-kotlin-1.13.8%2Bkotlin.2.3.0.jar"
      },
      "original": {
        "type": "file",
        "url": "https://cdn.modrinth.com/data/Ha28R6CL/versions/N6D3uiZF/fabric-language-kotlin-1.13.8%2Bkotlin.2.3.0.jar"
      }
    },
    "Lithium": {
      "flake": false,
      "locked": {
        "narHash": "sha256-d5PPuc07k/eS/EbrDUgQ3wnsnQKOWApCdY5V8IL77mo=",
        "type": "file",
        "url": "https://cdn.modrinth.com/data/gvQqBUqZ/versions/gl30uZvp/lithium-fabric-0.21.2%2Bmc1.21.11.jar"
      },
      "original": {
        "type": "file",
        "url": "https://cdn.modrinth.com/data/gvQqBUqZ/versions/gl30uZvp/lithium-fabric-0.21.2%2Bmc1.21.11.jar"
      }
    },
    "Open-Parties-and-Claims": {
      "flake": false,
      "locked": {
        "narHash": "sha256-KCbF8ReniHOv6HuMQAEv8kmu62Srgt+kE9R1VNWw5NY=",
        "type": "file",
        "url": "https://cdn.modrinth.com/data/gF3BGWvG/versions/xE2Whg8K/open-parties-and-claims-fabric-1.21.11-0.25.8.jar"
      },
      "original": {
        "type": "file",
        "url": "https://cdn.modrinth.com/data/gF3BGWvG/versions/xE2Whg8K/open-parties-and-claims-fabric-1.21.11-0.25.8.jar"
      }
    },
    "Player-Roles": {
      "flake": false,
      "locked": {
        "narHash": "sha256-tNV+OA6ckx3+4eEPp9SANEqjNDSDoPm4roM9i99DLDU=",
        "type": "file",
        "url": "https://cdn.modrinth.com/data/Rt1mrUHm/versions/2PHCrWcd/player-roles-1.8.1.jar"
      },
      "original": {
        "type": "file",
        "url": "https://cdn.modrinth.com/data/Rt1mrUHm/versions/2PHCrWcd/player-roles-1.8.1.jar"
      }
    },
    "Polymer": {
      "flake": false,
      "locked": {
        "narHash": "sha256-GBEhq0zvNRS0BMd4e5MbxiZm2Qn5Vvxfwk6PFsn9B8w=",
        "type": "file",
        "url": "https://cdn.modrinth.com/data/xGdtZczs/versions/wugBT1fU/polymer-bundled-0.15.2%2B1.21.11.jar"
      },
      "original": {
        "type": "file",
        "url": "https://cdn.modrinth.com/data/xGdtZczs/versions/wugBT1fU/polymer-bundled-0.15.2%2B1.21.11.jar"
      }
    },
    "Puzzles-Lib": {
      "flake": false,
      "locked": {
        "narHash": "sha256-PBKDLfzt7Y3l8vR1pax5onW8z9o4vBMd/+kwXvJbuck=",
        "type": "file",
        "url": "https://cdn.modrinth.com/data/QAGBst4M/versions/7L1WGsjw/PuzzlesLib-v21.11.6-mc1.21.11-Fabric.jar"
      },
      "original": {
        "type": "file",
        "url": "https://cdn.modrinth.com/data/QAGBst4M/versions/7L1WGsjw/PuzzlesLib-v21.11.6-mc1.21.11-Fabric.jar"
      }
    },
    "Random-Bone-Meal-Flowers": {
      "flake": false,
      "locked": {
        "narHash": "sha256-p+WdIu9qD77MGR8IF4vh03GrDyruYwYVyQAMYNh9IVY=",
        "type": "file",
        "url": "https://cdn.modrinth.com/data/17enPZMC/versions/xncSYvvy/randombonemealflowers-1.21.11-4.7.jar"
      },
      "original": {
        "type": "file",
        "url": "https://cdn.modrinth.com/data/17enPZMC/versions/xncSYvvy/randombonemealflowers-1.21.11-4.7.jar"
      }
    },
    "Recast": {
      "flake": false,
      "locked": {
        "narHash": "sha256-2iKWSjEmfVlY0wt+Jwf/JWKrVz1BOzE0pLy0t6pV6Mg=",
        "type": "file",
        "url": "https://cdn.modrinth.com/data/8TWzoOby/versions/sad63YT1/recast-1.21.11-3.7.jar"
      },
      "original": {
        "type": "file",
        "url": "https://cdn.modrinth.com/data/8TWzoOby/versions/sad63YT1/recast-1.21.11-3.7.jar"
      }
    },
    "Respawning-Shulkers": {
      "flake": false,
      "locked": {
        "narHash": "sha256-OoFeUiu777guzRlGB/+x0ZUQqcZxN3IXow7eQaFAU3Y=",
        "type": "file",
        "url": "https://cdn.modrinth.com/data/gHCmhGUV/versions/UxqGoIcn/respawningshulkers-1.21.11-4.2.jar"
      },
      "original": {
        "type": "file",
        "url": "https://cdn.modrinth.com/data/gHCmhGUV/versions/UxqGoIcn/respawningshulkers-1.21.11-4.2.jar"
      }
    },
    "Silk": {
      "flake": false,
      "locked": {
        "narHash": "sha256-WW+6POyAPAsD0lsSEZRMMbhrAu9f99fymIaucfyMgFw=",
        "type": "file",
        "url": "https://cdn.modrinth.com/data/aTaCgKLW/versions/tgYliGAU/silk-all-1.11.5.jar"
      },
      "original": {
        "type": "file",
        "url": "https://cdn.modrinth.com/data/aTaCgKLW/versions/tgYliGAU/silk-all-1.11.5.jar"
      }
    },
    "Storage-Drawers": {
      "flake": false,
      "locked": {
        "narHash": "sha256-4l8eQ7udYHWwAa6asaEWRMcelHCLWd7W9ZnUrZDFz+4=",
        "type": "file",
        "url": "https://cdn.modrinth.com/data/guitPqEi/versions/Q9r8LMQL/StorageDrawers-fabric-1.21.11-20.0.0.jar"
      },
      "original": {
        "type": "file",
        "url": "https://cdn.modrinth.com/data/guitPqEi/versions/Q9r8LMQL/StorageDrawers-fabric-1.21.11-20.0.0.jar"
      }
    },
    "TNT-Breaks-Bedrock": {
      "flake": false,
      "locked": {
        "narHash": "sha256-e9Fa4FtiFvQiSGA73NID36OYTI6QpWPi6MBXWkf6S2M=",
        "type": "file",
        "url": "https://cdn.modrinth.com/data/eU2O6Xp1/versions/hwq9f9Cd/tntbreaksbedrock-1.21.11-3.6.jar"
      },
      "original": {
        "type": "file",
        "url": "https://cdn.modrinth.com/data/eU2O6Xp1/versions/hwq9f9Cd/tntbreaksbedrock-1.21.11-3.6.jar"
      }
    },
    "Travelers-Backpack": {
      "flake": false,
      "locked": {
        "narHash": "sha256-SVnCrwXYQGlgb1u/Xprp9Gdi6aIAkEPva7/elkFzb7E=",
        "type": "file",
        "url": "https://cdn.modrinth.com/data/rlloIFEV/versions/jDSDEMgY/travelersbackpack-fabric-1.21.11-10.11.5.jar"
      },
      "original": {
        "type": "file",
        "url": "https://cdn.modrinth.com/data/rlloIFEV/versions/jDSDEMgY/travelersbackpack-fabric-1.21.11-10.11.5.jar"
      }
    },
    "Tree-Harvester": {
      "flake": false,
      "locked": {
        "narHash": "sha256-a4IFSHHthv8zAXwmnNXo/smf7Z0PtNlCzgstbmEQh5I=",
        "type": "file",
        "url": "https://cdn.modrinth.com/data/abooMhox/versions/8mfyGsIg/treeharvester-1.21.11-9.3.jar"
      },
      "original": {
        "type": "file",
        "url": "https://cdn.modrinth.com/data/abooMhox/versions/8mfyGsIg/treeharvester-1.21.11-9.3.jar"
      }
    },
    "Universal-Enchants": {
      "flake": false,
      "locked": {
        "narHash": "sha256-QdQwRz75vAhgq64YnN4knIH6nuy6FnCpi0QjomkNZeI=",
        "type": "file",
        "url": "https://cdn.modrinth.com/data/DT56YDir/versions/MuPwsQLB/UniversalEnchants-v21.11.2-mc1.21.11-Fabric.jar"
      },
      "original": {
        "type": "file",
        "url": "https://cdn.modrinth.com/data/DT56YDir/versions/MuPwsQLB/UniversalEnchants-v21.11.2-mc1.21.11-Fabric.jar"
      }
    },
    "Universal-Shops": {
      "flake": false,
      "locked": {
        "narHash": "sha256-nmQijybODbhYeM5S5OWjkmZGA8D6aXwVqktSoDwI1mk=",
        "type": "file",
        "url": "https://cdn.modrinth.com/data/cnIatHrN/versions/M6PTvMlM/universal_shops-1.13.0%2B1.21.11.jar"
      },
      "original": {
        "type": "file",
        "url": "https://cdn.modrinth.com/data/cnIatHrN/versions/M6PTvMlM/universal_shops-1.13.0%2B1.21.11.jar"
      }
    },
    "Vein-Miner": {
      "flake": false,
      "locked": {
        "narHash": "sha256-YBN4p4xdC7KjPEJMIVerkE2VQXEQzCMTb5jCx8LU5r0=",
        "type": "file",
        "url": "https://cdn.modrinth.com/data/OhduvhIc/versions/SMDUhqTN/veinminer-fabric-2.5.2.jar"
      },
      "original": {
        "type": "file",
        "url": "https://cdn.modrinth.com/data/OhduvhIc/versions/SMDUhqTN/veinminer-fabric-2.5.2.jar"
      }
    },
    "Vein-Miner-Enchantment": {
      "flake": false,
      "locked": {
        "narHash": "sha256-z0ZzgBOweY3/m4dO70xpBtd2RUSI9ihvq9YHfXG/oNU=",
        "type": "file",
        "url": "https://cdn.modrinth.com/data/4sP0LXxp/versions/h5oKcjvq/veinminer-enchant-2.3.0.jar"
      },
      "original": {
        "type": "file",
        "url": "https://cdn.modrinth.com/data/4sP0LXxp/versions/h5oKcjvq/veinminer-enchant-2.3.0.jar"
      }
    },
    "Villager-Pickup": {
      "flake": false,
      "locked": {
        "narHash": "sha256-NE2nHJHKlxeF2xAR0oPbpuB/SOue0TVLGzfjdk/K0VE=",
        "type": "file",
        "url": "https://cdn.modrinth.com/data/EL95Q1AM/versions/bf8Q2X39/villagerpickup-fabric-1.21.11-1.3.jar"
      },
      "original": {
        "type": "file",
        "url": "https://cdn.modrinth.com/data/EL95Q1AM/versions/bf8Q2X39/villagerpickup-fabric-1.21.11-1.3.jar"
      }
    },
    "blogAndrewleeFun": {
      "inputs": {
        "flake-parts": "flake-parts",
        "nixpkgs": [
          "nixpkgs"
        ]
      },
      "locked": {
        "lastModified": 1771866277,
        "narHash": "sha256-UjDsCOjycPXL72HapR0NH0Z0Z2EfPOTaNCMmWN75Cjo=",
        "ref": "refs/heads/main",
        "rev": "ebce08ca8543e7b1de44282f084702de4772ec2a",
        "revCount": 47,
        "submodules": true,
        "type": "git",
        "url": "https://github.com/andrewthomaslee/blog.andrewlee.fun.git"
      },
      "original": {
        "type": "git",
        "url": "https://github.com/andrewthomaslee/blog.andrewlee.fun.git"
      }
    },
    "clan-community": {
      "inputs": {
        "clan-core": [
          "clan-core"
        ],
        "flake-parts": "flake-parts_2",
        "nixpkgs": [
          "clan-community",
          "clan-core",
          "nixpkgs"
        ],
        "systems": "systems",
        "treefmt-nix": "treefmt-nix"
      },
      "locked": {
        "lastModified": 1773048959,
        "narHash": "sha256-9ciCfim7DQ7EGAR22xDBjMP/GRxH7MNyRjjXFrjjCbY=",
        "rev": "2ed1db891f14f752405e88b205afa4b47d5b5e37",
        "type": "tarball",
        "url": "https://git.clan.lol/api/v1/repos/clan/clan-community/archive/2ed1db891f14f752405e88b205afa4b47d5b5e37.tar.gz"
      },
      "original": {
        "type": "tarball",
        "url": "https://git.clan.lol/clan/clan-community/archive/main.tar.gz"
      }
    },
    "clan-core": {
      "inputs": {
        "data-mesher": "data-mesher",
        "disko": "disko",
        "flake-parts": "flake-parts_3",
        "nix-darwin": "nix-darwin",
        "nix-select": "nix-select",
        "nixpkgs": "nixpkgs",
        "sops-nix": "sops-nix",
        "systems": "systems_2",
        "treefmt-nix": "treefmt-nix_2"
      },
      "locked": {
        "lastModified": 1771668424,
        "narHash": "sha256-/1Q92qeEviDSM1nQbbGzkDXDun+vFGwHvz9OX3zcSV0=",
        "rev": "7977dbbb2454dcef6bc715662f4bd85f31392951",
        "type": "tarball",
        "url": "https://git.clan.lol/api/v1/repos/clan/clan-core/archive/7977dbbb2454dcef6bc715662f4bd85f31392951.tar.gz"
      },
      "original": {
        "type": "tarball",
        "url": "https://git.clan.lol/clan/clan-core/archive/main.tar.gz"
      }
    },
    "data-mesher": {
      "inputs": {
        "flake-parts": [
          "clan-core",
          "flake-parts"
        ],
        "nixpkgs": [
          "clan-core",
          "nixpkgs"
        ],
        "treefmt-nix": [
          "clan-core",
          "treefmt-nix"
        ]
      },
      "locked": {
        "lastModified": 1771211199,
        "narHash": "sha256-1JHyii0rZzm9oyTgSxhW3v/t5XPEzqov+QN8bRUkxnk=",
        "rev": "541e221be610c7e89a190ab2167d866a67cb815a",
        "type": "tarball",
        "url": "https://git.clan.lol/api/v1/repos/clan/data-mesher/archive/541e221be610c7e89a190ab2167d866a67cb815a.tar.gz"
      },
      "original": {
        "type": "tarball",
        "url": "https://git.clan.lol/clan/data-mesher/archive/main.tar.gz"
      }
    },
    "disko": {
      "inputs": {
        "nixpkgs": [
          "clan-core",
          "nixpkgs"
        ]
      },
      "locked": {
        "lastModified": 1771469470,
        "narHash": "sha256-GnqdqhrguKNN3HtVfl6z+zbV9R9jhHFm3Z8nu7R6ml0=",
        "owner": "nix-community",
        "repo": "disko",
        "rev": "4707eec8d1d2db5182ea06ed48c820a86a42dc13",
        "type": "github"
      },
      "original": {
        "owner": "nix-community",
        "repo": "disko",
        "type": "github"
      }
    },
    "flake-compat": {
      "flake": false,
      "locked": {
        "lastModified": 1747046372,
        "narHash": "sha256-CIVLLkVgvHYbgI2UpXvIIBJ12HWgX+fjA8Xf8PUmqCY=",
        "owner": "edolstra",
        "repo": "flake-compat",
        "rev": "9100a0f413b0c601e0533d1d94ffd501ce2e7885",
        "type": "github"
      },
      "original": {
        "owner": "edolstra",
        "repo": "flake-compat",
        "type": "github"
      }
    },
    "flake-parts": {
      "inputs": {
        "nixpkgs-lib": [
          "blogAndrewleeFun",
          "nixpkgs"
        ]
      },
      "locked": {
        "lastModified": 1763759067,
        "narHash": "sha256-LlLt2Jo/gMNYAwOgdRQBrsRoOz7BPRkzvNaI/fzXi2Q=",
        "owner": "hercules-ci",
        "repo": "flake-parts",
        "rev": "2cccadc7357c0ba201788ae99c4dfa90728ef5e0",
        "type": "github"
      },
      "original": {
        "owner": "hercules-ci",
        "repo": "flake-parts",
        "type": "github"
      }
    },
    "flake-parts_2": {
      "inputs": {
        "nixpkgs-lib": [
          "clan-community",
          "nixpkgs"
        ]
      },
      "locked": {
        "lastModified": 1772408722,
        "narHash": "sha256-rHuJtdcOjK7rAHpHphUb1iCvgkU3GpfvicLMwwnfMT0=",
        "owner": "hercules-ci",
        "repo": "flake-parts",
        "rev": "f20dc5d9b8027381c474144ecabc9034d6a839a3",
        "type": "github"
      },
      "original": {
        "owner": "hercules-ci",
        "repo": "flake-parts",
        "type": "github"
      }
    },
    "flake-parts_3": {
      "inputs": {
        "nixpkgs-lib": [
          "clan-core",
          "nixpkgs"
        ]
      },
      "locked": {
        "lastModified": 1769996383,
        "narHash": "sha256-AnYjnFWgS49RlqX7LrC4uA+sCCDBj0Ry/WOJ5XWAsa0=",
        "owner": "hercules-ci",
        "repo": "flake-parts",
        "rev": "57928607ea566b5db3ad13af0e57e921e6b12381",
        "type": "github"
      },
      "original": {
        "owner": "hercules-ci",
        "repo": "flake-parts",
        "type": "github"
      }
    },
    "flake-parts_4": {
      "inputs": {
        "nixpkgs-lib": [
          "k3s",
          "nixpkgs"
        ]
      },
      "locked": {
        "lastModified": 1772408722,
        "narHash": "sha256-rHuJtdcOjK7rAHpHphUb1iCvgkU3GpfvicLMwwnfMT0=",
        "owner": "hercules-ci",
        "repo": "flake-parts",
        "rev": "f20dc5d9b8027381c474144ecabc9034d6a839a3",
        "type": "github"
      },
      "original": {
        "owner": "hercules-ci",
        "repo": "flake-parts",
        "type": "github"
      }
    },
    "flake-parts_5": {
      "inputs": {
        "nixpkgs-lib": [
          "uv2nix-template",
          "nixpkgs"
        ]
      },
      "locked": {
        "lastModified": 1768135262,
        "narHash": "sha256-PVvu7OqHBGWN16zSi6tEmPwwHQ4rLPU9Plvs8/1TUBY=",
        "owner": "hercules-ci",
        "repo": "flake-parts",
        "rev": "80daad04eddbbf5a4d883996a73f3f542fa437ac",
        "type": "github"
      },
      "original": {
        "owner": "hercules-ci",
        "repo": "flake-parts",
        "type": "github"
      }
    },
    "flake-parts_6": {
      "inputs": {
        "nixpkgs-lib": [
          "wireguard-fullmesh",
          "nixpkgs"
        ]
      },
      "locked": {
        "lastModified": 1772408722,
        "narHash": "sha256-rHuJtdcOjK7rAHpHphUb1iCvgkU3GpfvicLMwwnfMT0=",
        "owner": "hercules-ci",
        "repo": "flake-parts",
        "rev": "f20dc5d9b8027381c474144ecabc9034d6a839a3",
        "type": "github"
      },
      "original": {
        "owner": "hercules-ci",
        "repo": "flake-parts",
        "type": "github"
      }
    },
    "flake-utils": {
      "inputs": {
        "systems": [
          "clan-core",
          "systems"
        ]
      },
      "locked": {
        "lastModified": 1710146030,
        "narHash": "sha256-SZ5L6eA7HJ/nmkzGG7/ISclqe6oZdOZTNoesiInkXPQ=",
        "owner": "numtide",
        "repo": "flake-utils",
        "rev": "b1d9ab70662946ef0850d488da1c9019f3a9752a",
        "type": "github"
      },
      "original": {
        "owner": "numtide",
        "repo": "flake-utils",
        "type": "github"
      }
    },
    "home-manager": {
      "inputs": {
        "nixpkgs": [
          "nixpkgs"
        ]
      },
      "locked": {
        "lastModified": 1771683283,
        "narHash": "sha256-WxAEkAbo8dP7qiyPM6VN4ZGAxfuBVlNBNPkrqkrXVEc=",
        "owner": "nix-community",
        "repo": "home-manager",
        "rev": "c6ed3eab64d23520bcbb858aa53fe2b533725d4a",
        "type": "github"
      },
      "original": {
        "owner": "nix-community",
        "repo": "home-manager",
        "type": "github"
      }
    },
    "jovian": {
      "inputs": {
        "nix-github-actions": "nix-github-actions",
        "nixpkgs": [
          "nixpkgs"
        ]
      },
      "locked": {
        "lastModified": 1772108436,
        "narHash": "sha256-rKRHAKnUolC+icX7SwT2lLPBYaCvKKuOyB6q5+3OBj0=",
        "owner": "Jovian-Experiments",
        "repo": "Jovian-NixOS",
        "rev": "aa31fa7f26454629a6029c81a849c17255176f87",
        "type": "github"
      },
      "original": {
        "owner": "Jovian-Experiments",
        "repo": "Jovian-NixOS",
        "type": "github"
      }
    },
    "k3s": {
      "inputs": {
        "clan-core": [
          "clan-core"
        ],
        "flake-parts": "flake-parts_4",
        "nixpkgs": [
          "k3s",
          "clan-core",
          "nixpkgs"
        ],
        "systems": "systems_3",
        "treefmt-nix": "treefmt-nix_3"
      },
      "locked": {
        "lastModified": 1773447431,
        "narHash": "sha256-zSsJcSJpW5CgfaB04R+Ix3GG9op3QU+rFd/9WUbfRzU=",
        "ref": "k3s",
        "rev": "5fe67797a36b179f490b871d0b3dad52f0d49fcf",
        "revCount": 17,
        "type": "git",
        "url": "https://git.clan.lol/andrewthomaslee/clan-community.git"
      },
      "original": {
        "ref": "k3s",
        "type": "git",
        "url": "https://git.clan.lol/andrewthomaslee/clan-community.git"
      }
    },
    "kubefetch": {
      "inputs": {
        "flake-utils": "flake-utils",
        "nixpkgs": [
          "nixpkgs"
        ]
      },
      "locked": {
        "lastModified": 1772126302,
        "narHash": "sha256-zgsXYRTHHVes9aU7TqVCk1gUofeiEgrGOJZPXbMoBzU=",
        "owner": "andrewthomaslee",
        "repo": "kubefetch",
        "rev": "34d0a96b343e0040c8e47185b32657e91528b0fb",
        "type": "github"
      },
      "original": {
        "owner": "andrewthomaslee",
        "repo": "kubefetch",
        "type": "github"
      }
    },
    "moscripts": {
      "inputs": {
        "nixpkgs": [
          "nixpkgs"
        ],
        "pyproject-build-systems": "pyproject-build-systems",
        "pyproject-nix": "pyproject-nix",
        "systems": "systems_4",
        "uv2nix": "uv2nix"
      },
      "locked": {
        "lastModified": 1756669228,
        "narHash": "sha256-nhfvGDaCDBdZwGPviEtoJJrq7M5oa/ygyj0DpHSdMRc=",
        "owner": "andrewthomaslee",
        "repo": "moscripts",
        "rev": "cf80a00ee038e9d5729bdc807173b189da83ab62",
        "type": "github"
      },
      "original": {
        "owner": "andrewthomaslee",
        "repo": "moscripts",
        "type": "github"
      }
    },
    "nix-darwin": {
      "inputs": {
        "nixpkgs": [
          "clan-core",
          "nixpkgs"
        ]
      },
      "locked": {
        "lastModified": 1771520882,
        "narHash": "sha256-9SeTZ4Pwr730YfT7V8Azb8GFbwk1ZwiQDAwft3qAD+o=",
        "owner": "nix-darwin",
        "repo": "nix-darwin",
        "rev": "6a7fdcd5839ec8b135821179eea3b58092171bcf",
        "type": "github"
      },
      "original": {
        "owner": "nix-darwin",
        "repo": "nix-darwin",
        "type": "github"
      }
    },
    "nix-github-actions": {
      "inputs": {
        "nixpkgs": [
          "jovian",
          "nixpkgs"
        ]
      },
      "locked": {
        "lastModified": 1729697500,
        "narHash": "sha256-VFTWrbzDlZyFHHb1AlKRiD/qqCJIripXKiCSFS8fAOY=",
        "owner": "zhaofengli",
        "repo": "nix-github-actions",
        "rev": "e418aeb728b6aa5ca8c5c71974e7159c2df1d8cf",
        "type": "github"
      },
      "original": {
        "owner": "zhaofengli",
        "ref": "matrix-name",
        "repo": "nix-github-actions",
        "type": "github"
      }
    },
    "nix-minecraft": {
      "inputs": {
        "flake-compat": "flake-compat",
        "nixpkgs": [
          "nixpkgs"
        ],
        "systems": "systems_5"
      },
      "locked": {
        "lastModified": 1771641457,
        "narHash": "sha256-TIekRGfeCwuEmYcWex40RTx0Gd46pqmyUtxdFKb5juI=",
        "owner": "Infinidoge",
        "repo": "nix-minecraft",
        "rev": "c4e2b8969e09067da9d44b6b5762e1e896418f40",
        "type": "github"
      },
      "original": {
        "owner": "Infinidoge",
        "repo": "nix-minecraft",
        "type": "github"
      }
    },
    "nix-select": {
      "locked": {
        "lastModified": 1763303120,
        "narHash": "sha256-yxcNOha7Cfv2nhVpz9ZXSNKk0R7wt4AiBklJ8D24rVg=",
        "rev": "3d1e3860bef36857a01a2ddecba7cdb0a14c35a9",
        "type": "tarball",
        "url": "https://git.clan.lol/api/v1/repos/clan/nix-select/archive/3d1e3860bef36857a01a2ddecba7cdb0a14c35a9.tar.gz"
      },
      "original": {
        "type": "tarball",
        "url": "https://git.clan.lol/clan/nix-select/archive/main.tar.gz"
      }
    },
    "nixpkgs": {
      "locked": {
        "lastModified": 1771147098,
        "narHash": "sha256-VlfaC6fMRQml69frXVZ9ysuVEumYY3oWBE+16pIHTno=",
        "rev": "e3cb16bccd9facebae3ba29c6a76a4cc1b73462a",
        "type": "tarball",
        "url": "https://releases.nixos.org/nixpkgs/nixpkgs-26.05pre946663.e3cb16bccd9f/nixexprs.tar.xz"
      },
      "original": {
        "type": "tarball",
        "url": "https://nixos.org/channels/nixpkgs-unstable/nixexprs.tar.xz"
      }
    },
    "nixpkgs-unstable": {
      "locked": {
        "lastModified": 1771369470,
        "narHash": "sha256-0NBlEBKkN3lufyvFegY4TYv5mCNHbi5OmBDrzihbBMQ=",
        "owner": "nixos",
        "repo": "nixpkgs",
        "rev": "0182a361324364ae3f436a63005877674cf45efb",
        "type": "github"
      },
      "original": {
        "owner": "nixos",
        "ref": "nixos-unstable",
        "repo": "nixpkgs",
        "type": "github"
      }
    },
    "playit": {
      "flake": false,
      "locked": {
        "narHash": "sha256-49hL7HnmbWKETKn0RbGOTXM7d2XBiPaw2kwoC3lQ6TE=",
        "type": "file",
        "url": "https://github.com/playit-cloud/playit-agent/releases/download/v0.17.1/playit-linux-amd64"
      },
      "original": {
        "type": "file",
        "url": "https://github.com/playit-cloud/playit-agent/releases/download/v0.17.1/playit-linux-amd64"
      }
    },
    "pyproject-build-systems": {
      "inputs": {
        "nixpkgs": [
          "moscripts",
          "nixpkgs"
        ],
        "pyproject-nix": [
          "moscripts",
          "pyproject-nix"
        ],
        "uv2nix": [
          "moscripts",
          "uv2nix"
        ]
      },
      "locked": {
        "lastModified": 1756087852,
        "narHash": "sha256-4jc3JDQt75fYXFrglgqyzF6C6zLU0QGLymzian4aP+U=",
        "owner": "pyproject-nix",
        "repo": "build-system-pkgs",
        "rev": "6edb3ae27395cd88be3d64b732d1539957dad59c",
        "type": "github"
      },
      "original": {
        "owner": "pyproject-nix",
        "repo": "build-system-pkgs",
        "type": "github"
      }
    },
    "pyproject-build-systems_2": {
      "inputs": {
        "nixpkgs": [
          "uv2nix-template",
          "nixpkgs"
        ],
        "pyproject-nix": [
          "uv2nix-template",
          "pyproject-nix"
        ],
        "uv2nix": [
          "uv2nix-template",
          "uv2nix"
        ]
      },
      "locked": {
        "lastModified": 1763662255,
        "narHash": "sha256-4bocaOyLa3AfiS8KrWjZQYu+IAta05u3gYZzZ6zXbT0=",
        "owner": "pyproject-nix",
        "repo": "build-system-pkgs",
        "rev": "042904167604c681a090c07eb6967b4dd4dae88c",
        "type": "github"
      },
      "original": {
        "owner": "pyproject-nix",
        "repo": "build-system-pkgs",
        "type": "github"
      }
    },
    "pyproject-nix": {
      "inputs": {
        "nixpkgs": [
          "moscripts",
          "nixpkgs"
        ]
      },
      "locked": {
        "lastModified": 1756395552,
        "narHash": "sha256-5aJM14MpoLk2cdZAetu60OkLQrtFLWTICAyn1EP7ZpM=",
        "owner": "pyproject-nix",
        "repo": "pyproject.nix",
        "rev": "030dffc235dcf240d918c651c78dc5f158067b51",
        "type": "github"
      },
      "original": {
        "owner": "pyproject-nix",
        "repo": "pyproject.nix",
        "type": "github"
      }
    },
    "pyproject-nix_2": {
      "inputs": {
        "nixpkgs": [
          "uv2nix-template",
          "nixpkgs"
        ]
      },
      "locked": {
        "lastModified": 1764134915,
        "narHash": "sha256-xaKvtPx6YAnA3HQVp5LwyYG1MaN4LLehpQI8xEdBvBY=",
        "owner": "pyproject-nix",
        "repo": "pyproject.nix",
        "rev": "2c8df1383b32e5443c921f61224b198a2282a657",
        "type": "github"
      },
      "original": {
        "owner": "pyproject-nix",
        "repo": "pyproject.nix",
        "type": "github"
      }
    },
    "root": {
      "inputs": {
        "Anvil-Restoration": "Anvil-Restoration",
        "AppleSkin": "AppleSkin",
        "Armored-Elytra": "Armored-Elytra",
        "Bigger-Sponge-Absorption-Radius": "Bigger-Sponge-Absorption-Radius",
        "Bow-Infinity-Fix": "Bow-Infinity-Fix",
        "Cardinal-Components-API": "Cardinal-Components-API",
        "Cloth-Config-API": "Cloth-Config-API",
        "Clumps": "Clumps",
        "Collective": "Collective",
        "Concurrent-Chunk-Management-Engine": "Concurrent-Chunk-Management-Engine",
        "Distant-Horizons": "Distant-Horizons",
        "Dragon-Drops-Elytra": "Dragon-Drops-Elytra",
        "Elytra-Trims": "Elytra-Trims",
        "Essential-Commands": "Essential-Commands",
        "Extended-Bone-Meal": "Extended-Bone-Meal",
        "Fabric-API": "Fabric-API",
        "FerriteCore": "FerriteCore",
        "Fixed-Anvil-Repair-Cost": "Fixed-Anvil-Repair-Cost",
        "Forge-Config-API-Port": "Forge-Config-API-Port",
        "Grind-Enchantments": "Grind-Enchantments",
        "Infinite-Trading": "Infinite-Trading",
        "Inventory-Sorting": "Inventory-Sorting",
        "Inventory-Totem": "Inventory-Totem",
        "JEI": "JEI",
        "Jade": "Jade",
        "Just-Player-Heads": "Just-Player-Heads",
        "Kotlin": "Kotlin",
        "Lithium": "Lithium",
        "Open-Parties-and-Claims": "Open-Parties-and-Claims",
        "Player-Roles": "Player-Roles",
        "Polymer": "Polymer",
        "Puzzles-Lib": "Puzzles-Lib",
        "Random-Bone-Meal-Flowers": "Random-Bone-Meal-Flowers",
        "Recast": "Recast",
        "Respawning-Shulkers": "Respawning-Shulkers",
        "Silk": "Silk",
        "Storage-Drawers": "Storage-Drawers",
        "TNT-Breaks-Bedrock": "TNT-Breaks-Bedrock",
        "Travelers-Backpack": "Travelers-Backpack",
        "Tree-Harvester": "Tree-Harvester",
        "Universal-Enchants": "Universal-Enchants",
        "Universal-Shops": "Universal-Shops",
        "Vein-Miner": "Vein-Miner",
        "Vein-Miner-Enchantment": "Vein-Miner-Enchantment",
        "Villager-Pickup": "Villager-Pickup",
        "blogAndrewleeFun": "blogAndrewleeFun",
        "clan-community": "clan-community",
        "clan-core": "clan-core",
        "home-manager": "home-manager",
        "jovian": "jovian",
        "k3s": "k3s",
        "kubefetch": "kubefetch",
        "moscripts": "moscripts",
        "nix-minecraft": "nix-minecraft",
        "nixpkgs": [
          "clan-core",
          "nixpkgs"
        ],
        "nixpkgs-unstable": "nixpkgs-unstable",
        "playit": "playit",
        "uv2nix-template": "uv2nix-template",
        "wireguard-fullmesh": "wireguard-fullmesh",
        "zen-browser": "zen-browser"
      }
    },
    "sops-nix": {
      "inputs": {
        "nixpkgs": [
          "clan-core",
          "nixpkgs"
        ]
      },
      "locked": {
        "lastModified": 1771524872,
        "narHash": "sha256-eksVUcUsfS9mQx4D9DrYu88u9w70bAf+n6KmTDuIGEE=",
        "owner": "Mic92",
        "repo": "sops-nix",
        "rev": "e85540ffe97322dc1fea14dd11cdc2f59d540ac7",
        "type": "github"
      },
      "original": {
        "owner": "Mic92",
        "repo": "sops-nix",
        "type": "github"
      }
    },
    "systems": {
      "locked": {
        "lastModified": 1681028828,
        "narHash": "sha256-Vy1rq5AaRuLzOxct8nz4T6wlgyUR7zLU309k9mBC768=",
        "owner": "nix-systems",
        "repo": "default",
        "rev": "da67096a3b9bf56a91d16901293e51ba5b49a27e",
        "type": "github"
      },
      "original": {
        "owner": "nix-systems",
        "repo": "default",
        "type": "github"
      }
    },
    "systems_2": {
      "locked": {
        "lastModified": 1681028828,
        "narHash": "sha256-Vy1rq5AaRuLzOxct8nz4T6wlgyUR7zLU309k9mBC768=",
        "owner": "nix-systems",
        "repo": "default",
        "rev": "da67096a3b9bf56a91d16901293e51ba5b49a27e",
        "type": "github"
      },
      "original": {
        "owner": "nix-systems",
        "repo": "default",
        "type": "github"
      }
    },
    "systems_3": {
      "locked": {
        "lastModified": 1681028828,
        "narHash": "sha256-Vy1rq5AaRuLzOxct8nz4T6wlgyUR7zLU309k9mBC768=",
        "owner": "nix-systems",
        "repo": "default",
        "rev": "da67096a3b9bf56a91d16901293e51ba5b49a27e",
        "type": "github"
      },
      "original": {
        "owner": "nix-systems",
        "repo": "default",
        "type": "github"
      }
    },
    "systems_4": {
      "locked": {
        "lastModified": 1681028828,
        "narHash": "sha256-Vy1rq5AaRuLzOxct8nz4T6wlgyUR7zLU309k9mBC768=",
        "owner": "nix-systems",
        "repo": "default",
        "rev": "da67096a3b9bf56a91d16901293e51ba5b49a27e",
        "type": "github"
      },
      "original": {
        "owner": "nix-systems",
        "repo": "default",
        "type": "github"
      }
    },
    "systems_5": {
      "locked": {
        "lastModified": 1681028828,
        "narHash": "sha256-Vy1rq5AaRuLzOxct8nz4T6wlgyUR7zLU309k9mBC768=",
        "owner": "nix-systems",
        "repo": "default",
        "rev": "da67096a3b9bf56a91d16901293e51ba5b49a27e",
        "type": "github"
      },
      "original": {
        "owner": "nix-systems",
        "repo": "default",
        "type": "github"
      }
    },
    "systems_6": {
      "locked": {
        "lastModified": 1681028828,
        "narHash": "sha256-Vy1rq5AaRuLzOxct8nz4T6wlgyUR7zLU309k9mBC768=",
        "owner": "nix-systems",
        "repo": "default",
        "rev": "da67096a3b9bf56a91d16901293e51ba5b49a27e",
        "type": "github"
      },
      "original": {
        "owner": "nix-systems",
        "repo": "default",
        "type": "github"
      }
    },
    "treefmt-nix": {
      "inputs": {
        "nixpkgs": [
          "clan-community",
          "nixpkgs"
        ]
      },
      "locked": {
        "lastModified": 1770228511,
        "narHash": "sha256-wQ6NJSuFqAEmIg2VMnLdCnUc0b7vslUohqqGGD+Fyxk=",
        "owner": "numtide",
        "repo": "treefmt-nix",
        "rev": "337a4fe074be1042a35086f15481d763b8ddc0e7",
        "type": "github"
      },
      "original": {
        "owner": "numtide",
        "repo": "treefmt-nix",
        "type": "github"
      }
    },
    "treefmt-nix_2": {
      "inputs": {
        "nixpkgs": [
          "clan-core",
          "nixpkgs"
        ]
      },
      "locked": {
        "lastModified": 1770228511,
        "narHash": "sha256-wQ6NJSuFqAEmIg2VMnLdCnUc0b7vslUohqqGGD+Fyxk=",
        "owner": "numtide",
        "repo": "treefmt-nix",
        "rev": "337a4fe074be1042a35086f15481d763b8ddc0e7",
        "type": "github"
      },
      "original": {
        "owner": "numtide",
        "repo": "treefmt-nix",
        "type": "github"
      }
    },
    "treefmt-nix_3": {
      "inputs": {
        "nixpkgs": [
          "k3s",
          "nixpkgs"
        ]
      },
      "locked": {
        "lastModified": 1770228511,
        "narHash": "sha256-wQ6NJSuFqAEmIg2VMnLdCnUc0b7vslUohqqGGD+Fyxk=",
        "owner": "numtide",
        "repo": "treefmt-nix",
        "rev": "337a4fe074be1042a35086f15481d763b8ddc0e7",
        "type": "github"
      },
      "original": {
        "owner": "numtide",
        "repo": "treefmt-nix",
        "type": "github"
      }
    },
    "treefmt-nix_4": {
      "inputs": {
        "nixpkgs": [
          "wireguard-fullmesh",
          "nixpkgs"
        ]
      },
      "locked": {
        "lastModified": 1770228511,
        "narHash": "sha256-wQ6NJSuFqAEmIg2VMnLdCnUc0b7vslUohqqGGD+Fyxk=",
        "owner": "numtide",
        "repo": "treefmt-nix",
        "rev": "337a4fe074be1042a35086f15481d763b8ddc0e7",
        "type": "github"
      },
      "original": {
        "owner": "numtide",
        "repo": "treefmt-nix",
        "type": "github"
      }
    },
    "uv2nix": {
      "inputs": {
        "nixpkgs": [
          "moscripts",
          "nixpkgs"
        ],
        "pyproject-nix": [
          "moscripts",
          "pyproject-nix"
        ]
      },
      "locked": {
        "lastModified": 1756466761,
        "narHash": "sha256-ALXRHIMXQ4qVNfCbcWykC23MjMwUoHn9BreoBfqmq0Y=",
        "owner": "pyproject-nix",
        "repo": "uv2nix",
        "rev": "0529e6d8227517205afcd1b37eee3088db745730",
        "type": "github"
      },
      "original": {
        "owner": "pyproject-nix",
        "repo": "uv2nix",
        "type": "github"
      }
    },
    "uv2nix-template": {
      "inputs": {
        "flake-parts": "flake-parts_5",
        "nixpkgs": [
          "nixpkgs"
        ],
        "pyproject-build-systems": "pyproject-build-systems_2",
        "pyproject-nix": "pyproject-nix_2",
        "uv2nix": "uv2nix_2"
      },
      "locked": {
        "lastModified": 1768915737,
        "narHash": "sha256-dzCSKaxgeM4IfKowHVJpq2Qqwg+8PZWEIEx/qfMbpOk=",
        "ref": "refs/heads/main",
        "rev": "459de2573afdb44e55ca0970d52a01035622f658",
        "revCount": 26,
        "type": "git",
        "url": "https://github.com/andrewthomaslee/uv2nix.git"
      },
      "original": {
        "type": "git",
        "url": "https://github.com/andrewthomaslee/uv2nix.git"
      }
    },
    "uv2nix_2": {
      "inputs": {
        "nixpkgs": [
          "uv2nix-template",
          "nixpkgs"
        ],
        "pyproject-nix": [
          "uv2nix-template",
          "pyproject-nix"
        ]
      },
      "locked": {
        "lastModified": 1768526251,
        "narHash": "sha256-uT0ICn7tknFtdOP7zhkgOkusq38EcttqUCS5Ho7nIvc=",
        "owner": "pyproject-nix",
        "repo": "uv2nix",
        "rev": "1b8f4d4c874f909de24639142c1141c84119b0f0",
        "type": "github"
      },
      "original": {
        "owner": "pyproject-nix",
        "repo": "uv2nix",
        "type": "github"
      }
    },
    "wireguard-fullmesh": {
      "inputs": {
        "clan-core": [
          "clan-core"
        ],
        "flake-parts": "flake-parts_6",
        "nixpkgs": [
          "wireguard-fullmesh",
          "clan-core",
          "nixpkgs"
        ],
        "systems": "systems_6",
        "treefmt-nix": "treefmt-nix_4"
      },
      "locked": {
        "lastModified": 1773431887,
        "narHash": "sha256-u1q2oKKdHOMFxqQu3MIY7NH5LYuA7KHprAHY92Hjsk0=",
        "ref": "wireguard-fullmesh",
        "rev": "cdb1f0882a3fd2a2bf89e5c9662b1d255fffc358",
        "revCount": 19,
        "type": "git",
        "url": "https://git.clan.lol/andrewthomaslee/clan-community.git"
      },
      "original": {
        "ref": "wireguard-fullmesh",
        "type": "git",
        "url": "https://git.clan.lol/andrewthomaslee/clan-community.git"
      }
    },
    "zen-browser": {
      "inputs": {
        "nixpkgs": [
          "nixpkgs"
        ]
      },
      "locked": {
        "lastModified": 1771562151,
        "narHash": "sha256-TpmIrx/dsG5km3fTRrooXllILho7iwgSamHn1e94mUI=",
        "owner": "youwen5",
        "repo": "zen-browser-flake",
        "rev": "991850d7850304e7fcaa33b100446dd88da90230",
        "type": "github"
      },
      "original": {
        "owner": "youwen5",
        "repo": "zen-browser-flake",
        "type": "github"
      }
    }
  },
  "root": "root",
  "version": 7
}
